# This file is autogenerated, do not edit; changes may be undone by the next 'dep ensure'.


[[projects]]
  digest = "1:57f04762e41695048ea2c5e40ee06b8f00c7f47b5c105a9cb1c9473470e97ebb"
  name = "github.com/aws/aws-sdk-go"
  packages = [
    "aws",
    "aws/awserr",
    "aws/awsutil",
    "aws/client",
    "aws/client/metadata",
    "aws/corehandlers",
    "aws/credentials",
    "aws/credentials/ec2rolecreds",
    "aws/credentials/endpointcreds",
    "aws/credentials/processcreds",
    "aws/credentials/stscreds",
    "aws/csm",
    "aws/defaults",
    "aws/ec2metadata",
    "aws/endpoints",
    "aws/request",
    "aws/session",
    "aws/signer/v4",
    "internal/ini",
    "internal/sdkio",
    "internal/sdkrand",
    "internal/sdkuri",
    "internal/shareddefaults",
    "private/protocol",
    "private/protocol/query",
    "private/protocol/query/queryutil",
    "private/protocol/rest",
    "private/protocol/xml/xmlutil",
    "service/sts",
  ]
  pruneopts = "UT"
  revision = "3248e106c35aafb9b982f5d086f0150faf24ee4e"
  version = "v1.17.6"

[[projects]]
  digest = "1:177f1d20b32b6709474676ea0110cd3e2f2f3c25fda56e7d615e91acc5821d2d"
  name = "github.com/gruntwork-io/terratest"
  packages = [
    "modules/collections",
    "modules/customerrors",
    "modules/files",
    "modules/http-helper",
    "modules/logger",
    "modules/random",
    "modules/retry",
    "modules/shell",
    "modules/ssh",
    "modules/terraform",
  ]
  pruneopts = "UT"
  revision = "b6077c8c1ecfd290ee1f37e1e51472a34d30cb38"
  version = "v0.13.29"

[[projects]]
  digest = "1:bb81097a5b62634f3e9fec1014657855610c82d19b9a40c17612e32651e35dca"
  name = "github.com/jmespath/go-jmespath"
  packages = ["."]
  pruneopts = "UT"
  revision = "c2b33e84"

[[projects]]
  branch = "master"
  digest = "1:a8db4606eb5cbc62ca3dc199d0ede45433da7214c1cca128f5cf6c40e28496e3"
  name = "golang.org/x/crypto"
  packages = [
    "curve25519",
    "ed25519",
    "ed25519/internal/edwards25519",
    "internal/chacha20",
    "internal/subtle",
    "poly1305",
    "ssh",
    "ssh/agent",
  ]
  pruneopts = "UT"
  revision = "215aa809caaf1f5be699aef5e3ccebeb15d67b0b"

[[projects]]
  branch = "master"
  digest = "1:76ee51c3f468493aff39dbacc401e8831fbb765104cbf613b89bef01cf4bad70"
  name = "golang.org/x/net"
  packages = ["context"]
  pruneopts = "UT"
  revision = "c95aed5357e77a4bf7d3955c46740000a17adee1"

[solve-meta]
  analyzer-name = "dep"
  analyzer-version = 1
  input-imports = [
    "github.com/aws/aws-sdk-go/aws/session",
    "github.com/aws/aws-sdk-go/service/sts",
    "github.com/gruntwork-io/terratest/modules/http-helper",
    "github.com/gruntwork-io/terratest/modules/random",
    "github.com/gruntwork-io/terratest/modules/terraform",
  ]
  solver-name = "gps-cdcl"
  solver-version = 1
